
Microsoft Visual Studio Solution File, Format Version 12.00
# Visual Studio Version 17
VisualStudioVersion = 17.4.33122.133
MinimumVisualStudioVersion = 10.0.40219.1
Project("{9A19103F-16F7-4668-BE54-9A1E7A4F7556}") = "PushNotificationSample.Sender", "PushNotificationSample.Sender\PushNotificationSample.Sender.csproj", "{408700AA-B6AC-4DB0-A48D-656CEBB9C908}"
EndProject
Project("{FAE04EC0-301F-11D3-BF4B-00C04F79EFBC}") = "PushNotificationSample.App", "PushNotificationSample.App\PushNotificationSample.App.csproj", "{BBDA2006-43B5-4A7E-8A31-728757C9C913}"
EndProject
Global
	GlobalSection(SolutionConfigurationPlatforms) = preSolution
		Debug|Any CPU = Debug|Any CPU
		Release|Any CPU = Release|Any CPU
	EndGlobalSection
	GlobalSection(ProjectConfigurationPlatforms) = postSolution
		{408700AA-B6AC-4DB0-A48D-656CEBB9C908}.Debug|Any CPU.ActiveCfg = Debug|Any CPU
		{408700AA-B6AC-4DB0-A48D-656CEBB9C908}.Debug|Any CPU.Build.0 = Debug|Any CPU
		{408700AA-B6AC-4DB0-A48D-656CEBB9C908}.Release|Any CPU.ActiveCfg = Release|Any CPU
		{408700AA-B6AC-4DB0-A48D-656CEBB9C908}.Release|Any CPU.Build.0 = Release|Any CPU
		{BBDA2006-43B5-4A7E-8A31-728757C9C913}.Debug|Any CPU.ActiveCfg = Debug|Any CPU
		{BBDA2006-43B5-4A7E-8A31-728757C9C913}.Debug|Any CPU.Build.0 = Debug|Any CPU
		{BBDA2006-43B5-4A7E-8A31-728757C9C913}.Debug|Any CPU.Deploy.0 = Debug|Any CPU
		{BBDA2006-43B5-4A7E-8A31-728757C9C913}.Release|Any CPU.ActiveCfg = Release|Any CPU
		{BBDA2006-43B5-4A7E-8A31-728757C9C913}.Release|Any CPU.Build.0 = Release|Any CPU
		{BBDA2006-43B5-4A7E-8A31-728757C9C913}.Release|Any CPU.Deploy.0 = Release|Any CPU
	EndGlobalSection
	GlobalSection(SolutionProperties) = preSolution
		HideSolutionNode = FALSE
	EndGlobalSection
	GlobalSection(ExtensibilityGlobals) = postSolution
		SolutionGuid = {DF4690AC-6A70-4C08-893C-3813696832D5}
	EndGlobalSection
EndGlobal
